
Microsoft Visual Studio Solution File, Format Version 12.00
# Visual Studio Version 16
VisualStudioVersion = 16.0.30717.126
MinimumVisualStudioVersion = 10.0.40219.1
Project("{FAE04EC0-301F-11D3-BF4B-00C04F79EFBC}") = "Marotco_generator", "Marotco_generator.csproj", "{8476D478-4F99-4036-A874-8BA832397A6A}"
EndProject
Global
	GlobalSection(SolutionConfigurationPlatforms) = preSolution
		Debug|Any CPU = Debug|Any CPU
		Release|Any CPU = Release|Any CPU
	EndGlobalSection
	GlobalSection(ProjectConfigurationPlatforms) = postSolution
		{8476D478-4F99-4036-A874-8BA832397A6A}.Debug|Any CPU.ActiveCfg = Debug|Any CPU
		{8476D478-4F99-4036-A874-8BA832397A6A}.Debug|Any CPU.Build.0 = Debug|Any CPU
		{8476D478-4F99-4036-A874-8BA832397A6A}.Release|Any CPU.ActiveCfg = Release|Any CPU
		{8476D478-4F99-4036-A874-8BA832397A6A}.Release|Any CPU.Build.0 = Release|Any CPU
	EndGlobalSection
	GlobalSection(SolutionProperties) = preSolution
		HideSolutionNode = FALSE
	EndGlobalSection
	GlobalSection(ExtensibilityGlobals) = postSolution
		SolutionGuid = {F20B5ED6-1805-4C43-98C6-FA878260C9B1}
	EndGlobalSection
EndGlobal
